{
  "requires": true,
  "lockfileVersion": 1,
  "dependencies": {
    "coordinate-parser": {
      "version": "1.0.7",
      "resolved": "https://registry.npmjs.org/coordinate-parser/-/coordinate-parser-1.0.7.tgz",
      "integrity": "sha512-pkcjigkAEjU5JsTYnuXLkRgR6T5fF/7GXR4p9vWJesy8fKwsheN8zC5d3sSvdMmWihHB4u48xWZ5mUCcgBIEpw=="
    }
  }
}
